
Microsoft Visual Studio Solution File, Format Version 12.00
# Visual Studio Version 16
VisualStudioVersion = 16.0.29306.81
MinimumVisualStudioVersion = 10.0.40219.1
Project("{FAE04EC0-301F-11D3-BF4B-00C04F79EFBC}") = "WebApp.Identity", "WebApp.Identity\WebApp.Identity.csproj", "{A48671E3-2CC1-451A-A042-D677B74758CC}"
EndProject
Global
	GlobalSection(SolutionConfigurationPlatforms) = preSolution
		Debug|Any CPU = Debug|Any CPU
		Release|Any CPU = Release|Any CPU
	EndGlobalSection
	GlobalSection(ProjectConfigurationPlatforms) = postSolution
		{A48671E3-2CC1-451A-A042-D677B74758CC}.Debug|Any CPU.ActiveCfg = Debug|Any CPU
		{A48671E3-2CC1-451A-A042-D677B74758CC}.Debug|Any CPU.Build.0 = Debug|Any CPU
		{A48671E3-2CC1-451A-A042-D677B74758CC}.Release|Any CPU.ActiveCfg = Release|Any CPU
		{A48671E3-2CC1-451A-A042-D677B74758CC}.Release|Any CPU.Build.0 = Release|Any CPU
	EndGlobalSection
	GlobalSection(SolutionProperties) = preSolution
		HideSolutionNode = FALSE
	EndGlobalSection
	GlobalSection(ExtensibilityGlobals) = postSolution
		SolutionGuid = {46865219-DAE3-4D74-BADE-48EB2E992E2E}
	EndGlobalSection
EndGlobal
